PODS:
  - Charts (3.0.0):
    - Charts/Core (= 3.0.0)
  - Charts/Core (3.0.0)
  - Realm (2.0.3):
    - Realm/Headers (= 2.0.3)
  - Realm/Headers (2.0.3)
  - SVProgressHUD (2.0.3)

DEPENDENCIES:
  - Charts
  - Realm
  - SVProgressHUD

SPEC CHECKSUMS:
  Charts: beb341928d2135613b4325a6c6aff9f2f6de895e
  Realm: 5f008bfe3c8c47142eddfc30b8c1584cde22db24
  SVProgressHUD: b0830714205bea1317ea1a2ebc71e5633af334d4

PODFILE CHECKSUM: cbbc1184d0d58478da533fc48163200f39f40c89

COCOAPODS: 1.1.0.rc.2
